
Microsoft Visual Studio Solution File, Format Version 10.00
# Visual Studio 2008
Project("{FAE04EC0-301F-11D3-BF4B-00C04F79EFBC}") = "JSNet", "JSNet\JSNet.csproj", "{9A41CAC8-1D4F-44D6-B324-E0076D0AD590}"
EndProject
Project("{FAE04EC0-301F-11D3-BF4B-00C04F79EFBC}") = "SkypeFx", "TestApp\SkypeFx.csproj", "{E4B13002-D46C-4A87-A9D7-2CED4CB3EE17}"
EndProject
Global
	GlobalSection(TeamFoundationVersionControl) = preSolution
		SccNumberOfProjects = 3
		SccEnterpriseProvider = {4CA58AB2-18FA-4F8D-95D4-32DDF27D184C}
		SccTeamFoundationServer = https://tfs09.codeplex.com/
		SccLocalPath0 = .
		SccProjectUniqueName1 = JSNet\\JSNet.csproj
		SccProjectName1 = JSNet
		SccLocalPath1 = JSNet
		SccProjectUniqueName2 = TestApp\\SkypeFx.csproj
		SccProjectName2 = TestApp
		SccLocalPath2 = TestApp
	EndGlobalSection
	GlobalSection(SolutionConfigurationPlatforms) = preSolution
		Debug|Any CPU = Debug|Any CPU
		Release|Any CPU = Release|Any CPU
	EndGlobalSection
	GlobalSection(ProjectConfigurationPlatforms) = postSolution
		{9A41CAC8-1D4F-44D6-B324-E0076D0AD590}.Debug|Any CPU.ActiveCfg = Debug|Any CPU
		{9A41CAC8-1D4F-44D6-B324-E0076D0AD590}.Debug|Any CPU.Build.0 = Debug|Any CPU
		{9A41CAC8-1D4F-44D6-B324-E0076D0AD590}.Release|Any CPU.ActiveCfg = Release|Any CPU
		{9A41CAC8-1D4F-44D6-B324-E0076D0AD590}.Release|Any CPU.Build.0 = Release|Any CPU
		{E4B13002-D46C-4A87-A9D7-2CED4CB3EE17}.Debug|Any CPU.ActiveCfg = Debug|Any CPU
		{E4B13002-D46C-4A87-A9D7-2CED4CB3EE17}.Debug|Any CPU.Build.0 = Debug|Any CPU
		{E4B13002-D46C-4A87-A9D7-2CED4CB3EE17}.Release|Any CPU.ActiveCfg = Release|Any CPU
		{E4B13002-D46C-4A87-A9D7-2CED4CB3EE17}.Release|Any CPU.Build.0 = Release|Any CPU
	EndGlobalSection
	GlobalSection(SolutionProperties) = preSolution
		HideSolutionNode = FALSE
	EndGlobalSection
EndGlobal
